
Microsoft Visual Studio Solution File, Format Version 12.00
# Visual Studio Version 16
VisualStudioVersion = 16.0.31112.23
MinimumVisualStudioVersion = 10.0.40219.1
Project("{FAE04EC0-301F-11D3-BF4B-00C04F79EFBC}") = "MyList_v01", "MyList_v01\MyList_v01.csproj", "{AF7A7602-76F6-4814-9728-C8D680E1FB80}"
EndProject
Project("{FAE04EC0-301F-11D3-BF4B-00C04F79EFBC}") = "MyList_xUnit_Tests", "MyList_xUnit_Tests\MyList_xUnit_Tests.csproj", "{BF03A2F9-BF0A-4CEA-AC5D-B401969761F1}"
EndProject
Global
	GlobalSection(SolutionConfigurationPlatforms) = preSolution
		Debug|Any CPU = Debug|Any CPU
		Release|Any CPU = Release|Any CPU
	EndGlobalSection
	GlobalSection(ProjectConfigurationPlatforms) = postSolution
		{AF7A7602-76F6-4814-9728-C8D680E1FB80}.Debug|Any CPU.ActiveCfg = Debug|Any CPU
		{AF7A7602-76F6-4814-9728-C8D680E1FB80}.Debug|Any CPU.Build.0 = Debug|Any CPU
		{AF7A7602-76F6-4814-9728-C8D680E1FB80}.Release|Any CPU.ActiveCfg = Release|Any CPU
		{AF7A7602-76F6-4814-9728-C8D680E1FB80}.Release|Any CPU.Build.0 = Release|Any CPU
		{BF03A2F9-BF0A-4CEA-AC5D-B401969761F1}.Debug|Any CPU.ActiveCfg = Debug|Any CPU
		{BF03A2F9-BF0A-4CEA-AC5D-B401969761F1}.Debug|Any CPU.Build.0 = Debug|Any CPU
		{BF03A2F9-BF0A-4CEA-AC5D-B401969761F1}.Release|Any CPU.ActiveCfg = Release|Any CPU
		{BF03A2F9-BF0A-4CEA-AC5D-B401969761F1}.Release|Any CPU.Build.0 = Release|Any CPU
	EndGlobalSection
	GlobalSection(SolutionProperties) = preSolution
		HideSolutionNode = FALSE
	EndGlobalSection
	GlobalSection(ExtensibilityGlobals) = postSolution
		SolutionGuid = {82152B26-325D-4BD6-A78D-0FDEC6FAC219}
	EndGlobalSection
EndGlobal
